{
  "name": "pro1",
  "version": "1.0.0",
  "lockfileVersion": 1,
  "requires": true,
  "dependencies": {
    "three": {
      "version": "0.117.1",
      "resolved": "https://registry.npm.taobao.org/three/download/three-0.117.1.tgz",
      "integrity": "sha1-pJvLGm3eovJQAD5CWF3D546SudM="
    },
    "three-geo": {
      "version": "1.4.2",
      "resolved": "https://registry.npm.taobao.org/three-geo/download/three-geo-1.4.2.tgz",
      "integrity": "sha1-OpQypVRy/LTwgSJnDq/+1Pk1A1M="
    }
  }
}
