{
  "name": "pro2",
  "version": "1.0.0",
  "lockfileVersion": 1,
  "requires": true,
  "dependencies": {
    "three": {
      "version": "0.120.1",
      "resolved": "https://registry.npm.taobao.org/three/download/three-0.120.1.tgz",
      "integrity": "sha1-29iJT4q4fBCfFgKTPnx0DJgTc3c="
    }
  }
}
